{
    "_readme": [
        "This file locks the dependencies of your project to a known state",
        "Read more about it at https://getcomposer.org/doc/01-basic-usage.md#installing-dependencies",
        "This file is @generated automatically"
    ],
    "content-hash": "21a0ed00e91b7966e2c8b9f9115da078",
    "packages": [
        {
            "name": "phpstan/phpstan",
            "version": "0.12.70",
            "source": {
                "type": "git",
                "url": "https://github.com/phpstan/phpstan.git",
                "reference": "07f0ef37f5f876e8cee44cc8ea0ec3fe80d499ee"
            },
            "dist": {
                "type": "zip",
                "url": "https://api.github.com/repos/phpstan/phpstan/zipball/07f0ef37f5f876e8cee44cc8ea0ec3fe80d499ee",
                "reference": "07f0ef37f5f876e8cee44cc8ea0ec3fe80d499ee",
                "shasum": ""
            },
            "require": {
                "php": "^7.1|^8.0"
            },
            "conflict": {
                "phpstan/phpstan-shim": "*"
            },
            "bin": [
                "phpstan",
                "phpstan.phar"
            ],
            "type": "library",
            "extra": {
                "branch-alias": {
                    "dev-master": "0.12-dev"
                }
            },
            "autoload": {
                "files": [
                    "bootstrap.php"
                ]
            },
            "notification-url": "https://packagist.org/downloads/",
            "license": [
                "MIT"
            ],
            "description": "PHPStan - PHP Static Analysis Tool",
            "funding": [
                {
                    "url": "https://github.com/ondrejmirtes",
                    "type": "github"
                },
                {
                    "url": "https://www.patreon.com/phpstan",
                    "type": "patreon"
                },
                {
                    "url": "https://tidelift.com/funding/github/packagist/phpstan/phpstan",
                    "type": "tidelift"
                }
            ],
            "time": "2021-01-27T17:06:47+00:00"
        },
        {
            "name": "phpstan/phpstan-mockery",
            "version": "0.12.11",
            "source": {
                "type": "git",
                "url": "https://github.com/phpstan/phpstan-mockery.git",
                "reference": "6e8917e7c952d27fa4a2dda01da98f7b63581f8f"
            },
            "dist": {
                "type": "zip",
                "url": "https://api.github.com/repos/phpstan/phpstan-mockery/zipball/6e8917e7c952d27fa4a2dda01da98f7b63581f8f",
                "reference": "6e8917e7c952d27fa4a2dda01da98f7b63581f8f",
                "shasum": ""
            },
            "require": {
                "php": "^7.1 || ^8.0",
                "phpstan/phpstan": "^0.12.60"
            },
            "require-dev": {
                "mockery/mockery": "^1.2.4",
                "phing/phing": "^2.16.3",
                "php-parallel-lint/php-parallel-lint": "^1.2",
                "phpstan/phpstan-phpunit": "^0.12.16",
                "phpstan/phpstan-strict-rules": "^0.12.5",
                "phpunit/phpunit": "^7.5.20"
            },
            "type": "phpstan-extension",
            "extra": {
                "branch-alias": {
                    "dev-master": "0.12-dev"
                },
                "phpstan": {
                    "includes": [
                        "extension.neon"
                    ]
                }
            },
            "autoload": {
                "psr-4": {
                    "PHPStan\\": "src/"
                }
            },
            "notification-url": "https://packagist.org/downloads/",
            "license": [
                "MIT"
            ],
            "description": "PHPStan Mockery extension",
            "time": "2020-12-14T14:20:20+00:00"
        },
        {
            "name": "phpstan/phpstan-php-parser",
            "version": "0.12.3",
            "source": {
                "type": "git",
                "url": "https://github.com/phpstan/phpstan-php-parser.git",
                "reference": "e140bc57f3bd5e8a4d45155556618a43736592e9"
            },
            "dist": {
                "type": "zip",
                "url": "https://api.github.com/repos/phpstan/phpstan-php-parser/zipball/e140bc57f3bd5e8a4d45155556618a43736592e9",
                "reference": "e140bc57f3bd5e8a4d45155556618a43736592e9",
                "shasum": ""
            },
            "require": {
                "php": "^7.1 || ^8.0",
                "phpstan/phpstan": "^0.12.60"
            },
            "require-dev": {
                "phing/phing": "^2.16.3",
                "php-parallel-lint/php-parallel-lint": "^1.2",
                "phpstan/phpstan-phpunit": "^0.12.16",
                "phpstan/phpstan-strict-rules": "^0.12.6",
                "phpunit/phpunit": "^7.5.20"
            },
            "type": "phpstan-extension",
            "extra": {
                "branch-alias": {
                    "dev-master": "0.12-dev"
                },
                "phpstan": {
                    "includes": [
                        "extension.neon"
                    ]
                }
            },
            "autoload": {
                "psr-4": {
                    "PHPStan\\": "src/"
                }
            },
            "notification-url": "https://packagist.org/downloads/",
            "license": [
                "MIT"
            ],
            "description": "PHP-Parser extensions for PHPStan",
            "time": "2020-12-12T21:05:25+00:00"
        },
        {
            "name": "phpstan/phpstan-phpunit",
            "version": "0.12.17",
            "source": {
                "type": "git",
                "url": "https://github.com/phpstan/phpstan-phpunit.git",
                "reference": "432575b41cf2d4f44e460234acaf56119ed97d36"
            },
            "dist": {
                "type": "zip",
                "url": "https://api.github.com/repos/phpstan/phpstan-phpunit/zipball/432575b41cf2d4f44e460234acaf56119ed97d36",
                "reference": "432575b41cf2d4f44e460234acaf56119ed97d36",
                "shasum": ""
            },
            "require": {
                "php": "^7.1 || ^8.0",
                "phpstan/phpstan": "^0.12.60"
            },
            "conflict": {
                "phpunit/phpunit": "<7.0"
            },
            "require-dev": {
                "phing/phing": "^2.16.3",
                "php-parallel-lint/php-parallel-lint": "^1.2",
                "phpstan/phpstan-strict-rules": "^0.12.6",
                "phpunit/phpunit": "^7.5.20"
            },
            "type": "phpstan-extension",
            "extra": {
                "branch-alias": {
                    "dev-master": "0.12-dev"
                },
                "phpstan": {
                    "includes": [
                        "extension.neon",
                        "rules.neon"
                    ]
                }
            },
            "autoload": {
                "psr-4": {
                    "PHPStan\\": "src/"
                }
            },
            "notification-url": "https://packagist.org/downloads/",
            "license": [
                "MIT"
            ],
            "description": "PHPUnit extensions and rules for PHPStan",
            "time": "2020-12-13T12:12:51+00:00"
        },
        {
            "name": "phpstan/phpstan-webmozart-assert",
            "version": "0.12.12",
            "source": {
                "type": "git",
                "url": "https://github.com/phpstan/phpstan-webmozart-assert.git",
                "reference": "1657403194a43f83b5355bd400aa7fc63f0e6857"
            },
            "dist": {
                "type": "zip",
                "url": "https://api.github.com/repos/phpstan/phpstan-webmozart-assert/zipball/1657403194a43f83b5355bd400aa7fc63f0e6857",
                "reference": "1657403194a43f83b5355bd400aa7fc63f0e6857",
                "shasum": ""
            },
            "require": {
                "php": "^7.1 || ^8.0",
                "phpstan/phpstan": "^0.12.49"
            },
            "require-dev": {
                "phing/phing": "^2.16.3",
                "php-parallel-lint/php-parallel-lint": "^1.2",
                "phpstan/phpstan-phpunit": "^0.12.6",
                "phpstan/phpstan-strict-rules": "^0.12.1",
                "phpunit/phpunit": "^7.5.20",
                "webmozart/assert": "^1.9.1"
            },
            "type": "phpstan-extension",
            "extra": {
                "branch-alias": {
                    "dev-master": "0.12-dev"
                },
                "phpstan": {
                    "includes": [
                        "extension.neon"
                    ]
                }
            },
            "autoload": {
                "psr-4": {
                    "PHPStan\\": "src/"
                }
            },
            "notification-url": "https://packagist.org/downloads/",
            "license": [
                "MIT"
            ],
            "description": "PHPStan webmozart/assert extension",
            "time": "2021-01-31T12:24:28+00:00"
        }
    ],
    "packages-dev": [],
    "aliases": [],
    "minimum-stability": "stable",
    "stability-flags": [],
    "prefer-stable": false,
    "prefer-lowest": false,
    "platform": [],
    "platform-dev": [],
    "plugin-api-version": "1.1.0"
}
