{
    "_readme": [
        "This file locks the dependencies of your project to a known state",
        "Read more about it at https://getcomposer.org/doc/01-basic-usage.md#installing-dependencies",
        "This file is @generated automatically"
    ],
    "content-hash": "515bb0302e1270f7c7f7038e633083eb",
    "packages": [
        {
            "name": "phpstan/phpstan",
            "version": "0.12.12",
            "source": {
                "type": "git",
                "url": "https://github.com/phpstan/phpstan.git",
                "reference": "aa7877f4240a92bdd51524b4305c380df0e73a83"
            },
            "dist": {
                "type": "zip",
                "url": "https://api.github.com/repos/phpstan/phpstan/zipball/aa7877f4240a92bdd51524b4305c380df0e73a83",
                "reference": "aa7877f4240a92bdd51524b4305c380df0e73a83",
                "shasum": ""
            },
            "require": {
                "php": "^7.1"
            },
            "bin": [
                "phpstan",
                "phpstan.phar"
            ],
            "type": "library",
            "extra": {
                "branch-alias": {
                    "dev-master": "0.12-dev"
                }
            },
            "autoload": {
                "files": [
                    "bootstrap.php"
                ]
            },
            "notification-url": "https://packagist.org/downloads/",
            "license": [
                "MIT"
            ],
            "description": "PHPStan - PHP Static Analysis Tool",
            "time": "2020-03-01T22:09:42+00:00"
        },
        {
            "name": "phpstan/phpstan-mockery",
            "version": "0.12.3",
            "source": {
                "type": "git",
                "url": "https://github.com/phpstan/phpstan-mockery.git",
                "reference": "c2cdbe2dc06dbd03d090c2036f1355f43f5286a4"
            },
            "dist": {
                "type": "zip",
                "url": "https://api.github.com/repos/phpstan/phpstan-mockery/zipball/c2cdbe2dc06dbd03d090c2036f1355f43f5286a4",
                "reference": "c2cdbe2dc06dbd03d090c2036f1355f43f5286a4",
                "shasum": ""
            },
            "require": {
                "php": "~7.1",
                "phpstan/phpstan": "^0.12"
            },
            "require-dev": {
                "consistence/coding-standard": "^3.5",
                "dealerdirect/phpcodesniffer-composer-installer": "^0.4.4",
                "ergebnis/composer-normalize": "^2.0.2",
                "jakub-onderka/php-parallel-lint": "^1.0",
                "mockery/mockery": "^1.2.4",
                "phing/phing": "^2.16.0",
                "phpstan/phpstan-phpunit": "^0.12",
                "phpstan/phpstan-strict-rules": "^0.12",
                "phpunit/phpunit": "^7.2",
                "slevomat/coding-standard": "^4.7.2",
                "squizlabs/php_codesniffer": "^3.3.2"
            },
            "type": "phpstan-extension",
            "extra": {
                "branch-alias": {
                    "dev-master": "0.12-dev"
                },
                "phpstan": {
                    "includes": [
                        "extension.neon"
                    ]
                }
            },
            "autoload": {
                "psr-4": {
                    "PHPStan\\": "src/"
                }
            },
            "notification-url": "https://packagist.org/downloads/",
            "license": [
                "MIT"
            ],
            "description": "PHPStan Mockery extension",
            "time": "2020-01-10T12:08:26+00:00"
        },
        {
            "name": "phpstan/phpstan-php-parser",
            "version": "0.12.1",
            "source": {
                "type": "git",
                "url": "https://github.com/phpstan/phpstan-php-parser.git",
                "reference": "87daf8e321594872f377f9686c072b6f715cc13f"
            },
            "dist": {
                "type": "zip",
                "url": "https://api.github.com/repos/phpstan/phpstan-php-parser/zipball/87daf8e321594872f377f9686c072b6f715cc13f",
                "reference": "87daf8e321594872f377f9686c072b6f715cc13f",
                "shasum": ""
            },
            "require": {
                "php": "~7.1",
                "phpstan/phpstan": "^0.12"
            },
            "require-dev": {
                "consistence/coding-standard": "^3.0.1",
                "dealerdirect/phpcodesniffer-composer-installer": "^0.4.4",
                "ergebnis/composer-normalize": "^2.0.2",
                "jakub-onderka/php-parallel-lint": "^1.0",
                "phing/phing": "^2.16.0",
                "phpstan/phpstan-phpunit": "^0.12",
                "phpstan/phpstan-strict-rules": "^0.12",
                "phpunit/phpunit": "^7.0",
                "slevomat/coding-standard": "^4.5.2"
            },
            "type": "phpstan-extension",
            "extra": {
                "branch-alias": {
                    "dev-master": "0.12-dev"
                },
                "phpstan": {
                    "includes": [
                        "extension.neon"
                    ]
                }
            },
            "autoload": {
                "psr-4": {
                    "PHPStan\\": "src/"
                }
            },
            "notification-url": "https://packagist.org/downloads/",
            "license": [
                "MIT"
            ],
            "description": "PHP-Parser extensions for PHPStan",
            "time": "2020-01-01T17:36:12+00:00"
        },
        {
            "name": "phpstan/phpstan-phpunit",
            "version": "0.12.6",
            "source": {
                "type": "git",
                "url": "https://github.com/phpstan/phpstan-phpunit.git",
                "reference": "26394996368b6d033d012547d3197f4e07e23021"
            },
            "dist": {
                "type": "zip",
                "url": "https://api.github.com/repos/phpstan/phpstan-phpunit/zipball/26394996368b6d033d012547d3197f4e07e23021",
                "reference": "26394996368b6d033d012547d3197f4e07e23021",
                "shasum": ""
            },
            "require": {
                "php": "~7.1",
                "phpstan/phpstan": "^0.12.4"
            },
            "conflict": {
                "phpunit/phpunit": "<7.0"
            },
            "require-dev": {
                "consistence/coding-standard": "^3.5",
                "dealerdirect/phpcodesniffer-composer-installer": "^0.4.4",
                "ergebnis/composer-normalize": "^2.0.2",
                "jakub-onderka/php-parallel-lint": "^1.0",
                "phing/phing": "^2.16.0",
                "phpstan/phpstan-strict-rules": "^0.12",
                "phpunit/phpunit": "^7.0",
                "satooshi/php-coveralls": "^1.0",
                "slevomat/coding-standard": "^4.7.2"
            },
            "type": "phpstan-extension",
            "extra": {
                "branch-alias": {
                    "dev-master": "0.12-dev"
                },
                "phpstan": {
                    "includes": [
                        "extension.neon",
                        "rules.neon"
                    ]
                }
            },
            "autoload": {
                "psr-4": {
                    "PHPStan\\": "src/"
                }
            },
            "notification-url": "https://packagist.org/downloads/",
            "license": [
                "MIT"
            ],
            "description": "PHPUnit extensions and rules for PHPStan",
            "time": "2020-01-10T12:07:21+00:00"
        },
        {
            "name": "phpstan/phpstan-webmozart-assert",
            "version": "0.12.2",
            "source": {
                "type": "git",
                "url": "https://github.com/phpstan/phpstan-webmozart-assert.git",
                "reference": "c3c84ec4e6874516c207401a154843b0b1418e2c"
            },
            "dist": {
                "type": "zip",
                "url": "https://api.github.com/repos/phpstan/phpstan-webmozart-assert/zipball/c3c84ec4e6874516c207401a154843b0b1418e2c",
                "reference": "c3c84ec4e6874516c207401a154843b0b1418e2c",
                "shasum": ""
            },
            "require": {
                "php": "~7.1",
                "phpstan/phpstan": "^0.12.6"
            },
            "require-dev": {
                "consistence/coding-standard": "^3.7",
                "dealerdirect/phpcodesniffer-composer-installer": "^0.4.4",
                "ergebnis/composer-normalize": "^2.0.2",
                "jakub-onderka/php-parallel-lint": "^1.0",
                "phing/phing": "^2.16.0",
                "phpstan/phpstan-phpunit": "^0.12.6",
                "phpstan/phpstan-strict-rules": "^0.12.1",
                "phpunit/phpunit": "^7.5.18",
                "slevomat/coding-standard": "^4.5.2",
                "webmozart/assert": "^1.3.0"
            },
            "type": "phpstan-extension",
            "extra": {
                "branch-alias": {
                    "dev-master": "0.12-dev"
                },
                "phpstan": {
                    "includes": [
                        "extension.neon"
                    ]
                }
            },
            "autoload": {
                "psr-4": {
                    "PHPStan\\": "src/"
                }
            },
            "notification-url": "https://packagist.org/downloads/",
            "license": [
                "MIT"
            ],
            "description": "PHPStan webmozart/assert extension",
            "time": "2020-01-20T12:26:56+00:00"
        }
    ],
    "packages-dev": [],
    "aliases": [],
    "minimum-stability": "stable",
    "stability-flags": [],
    "prefer-stable": false,
    "prefer-lowest": false,
    "platform": [],
    "platform-dev": []
}
